
Microsoft Visual Studio Solution File, Format Version 12.00
# Visual Studio Version 17
VisualStudioVersion = 17.5.33530.505
MinimumVisualStudioVersion = 10.0.40219.1
Project("{9A19103F-16F7-4668-BE54-9A1E7A4F7556}") = "FrontEnd", "FrontEnd\FrontEnd.csproj", "{019F94CB-55D1-4CF9-92C8-8E78559148FC}"
EndProject
Project("{9A19103F-16F7-4668-BE54-9A1E7A4F7556}") = "ModelLibrary", "ModelLibrary\ModelLibrary.csproj", "{186D9695-35AB-4792-BF62-D272C49B20B3}"
EndProject
Project("{9A19103F-16F7-4668-BE54-9A1E7A4F7556}") = "BackendDatabase", "BackendDatabase\BackendDatabase.csproj", "{84509B54-7AE7-4B24-8BB4-256EF536CCD1}"
EndProject
Global
	GlobalSection(SolutionConfigurationPlatforms) = preSolution
		Debug|Any CPU = Debug|Any CPU
		Release|Any CPU = Release|Any CPU
	EndGlobalSection
	GlobalSection(ProjectConfigurationPlatforms) = postSolution
		{019F94CB-55D1-4CF9-92C8-8E78559148FC}.Debug|Any CPU.ActiveCfg = Debug|Any CPU
		{019F94CB-55D1-4CF9-92C8-8E78559148FC}.Debug|Any CPU.Build.0 = Debug|Any CPU
		{019F94CB-55D1-4CF9-92C8-8E78559148FC}.Release|Any CPU.ActiveCfg = Release|Any CPU
		{019F94CB-55D1-4CF9-92C8-8E78559148FC}.Release|Any CPU.Build.0 = Release|Any CPU
		{186D9695-35AB-4792-BF62-D272C49B20B3}.Debug|Any CPU.ActiveCfg = Debug|Any CPU
		{186D9695-35AB-4792-BF62-D272C49B20B3}.Debug|Any CPU.Build.0 = Debug|Any CPU
		{186D9695-35AB-4792-BF62-D272C49B20B3}.Release|Any CPU.ActiveCfg = Release|Any CPU
		{186D9695-35AB-4792-BF62-D272C49B20B3}.Release|Any CPU.Build.0 = Release|Any CPU
		{84509B54-7AE7-4B24-8BB4-256EF536CCD1}.Debug|Any CPU.ActiveCfg = Debug|Any CPU
		{84509B54-7AE7-4B24-8BB4-256EF536CCD1}.Debug|Any CPU.Build.0 = Debug|Any CPU
		{84509B54-7AE7-4B24-8BB4-256EF536CCD1}.Release|Any CPU.ActiveCfg = Release|Any CPU
		{84509B54-7AE7-4B24-8BB4-256EF536CCD1}.Release|Any CPU.Build.0 = Release|Any CPU
	EndGlobalSection
	GlobalSection(SolutionProperties) = preSolution
		HideSolutionNode = FALSE
	EndGlobalSection
	GlobalSection(ExtensibilityGlobals) = postSolution
		SolutionGuid = {689D5128-1C66-4BBD-BD3F-F6CCD8CC8D91}
	EndGlobalSection
EndGlobal
